// !$*UTF8*$!
{
	archiveVersion = 1;
	classes = {
	};
	objectVersion = 50;
	objects = {

/* Begin PBXBuildFile section */
		AE21B0CC222A00130049EE0D /* AppDelegate.swift in Sources */ = {isa = PBXBuildFile; fileRef = AE21B0CB222A00130049EE0D /* AppDelegate.swift */; };
		AE21B0CE222A00130049EE0D /* ViewController.swift in Sources */ = {isa = PBXBuildFile; fileRef = AE21B0CD222A00130049EE0D /* ViewController.swift */; };
		AE21B0D1222A00130049EE0D /* Main.storyboard in Resources */ = {isa = PBXBuildFile; fileRef = AE21B0CF222A00130049EE0D /* Main.storyboard */; };
		AE21B0D4222A00130049EE0D /* WhatTheHackApp.xcdatamodeld in Sources */ = {isa = PBXBuildFile; fileRef = AE21B0D2222A00130049EE0D /* WhatTheHackApp.xcdatamodeld */; };
		AE21B0D6222A00150049EE0D /* Assets.xcassets in Resources */ = {isa = PBXBuildFile; fileRef = AE21B0D5222A00150049EE0D /* Assets.xcassets */; };
		AE21B0D9222A00150049EE0D /* LaunchScreen.storyboard in Resources */ = {isa = PBXBuildFile; fileRef = AE21B0D7222A00150049EE0D /* LaunchScreen.storyboard */; };
		AE21B0E1222A111D0049EE0D /* CustomTableViewCell.swift in Sources */ = {isa = PBXBuildFile; fileRef = AE21B0E0222A111D0049EE0D /* CustomTableViewCell.swift */; };
		AE21B0E3222A1B560049EE0D /* TimerViewController.swift in Sources */ = {isa = PBXBuildFile; fileRef = AE21B0E2222A1B560049EE0D /* TimerViewController.swift */; };
		AE58E722222A88BD00549170 /* ChatViewController.swift in Sources */ = {isa = PBXBuildFile; fileRef = AE58E721222A88BD00549170 /* ChatViewController.swift */; };
		AE58E724222A959F00549170 /* StartingViewController.swift in Sources */ = {isa = PBXBuildFile; fileRef = AE58E723222A959F00549170 /* StartingViewController.swift */; };
/* End PBXBuildFile section */

/* Begin PBXFileReference section */
		AE21B0C8222A00130049EE0D /* WhatTheHackApp.app */ = {isa = PBXFileReference; explicitFileType = wrapper.application; includeInIndex = 0; path = WhatTheHackApp.app; sourceTree = BUILT_PRODUCTS_DIR; };
		AE21B0CB222A00130049EE0D /* AppDelegate.swift */ = {isa = PBXFileReference; lastKnownFileType = sourcecode.swift; path = AppDelegate.swift; sourceTree = "<group>"; };
		AE21B0CD222A00130049EE0D /* ViewController.swift */ = {isa = PBXFileReference; lastKnownFileType = sourcecode.swift; path = ViewController.swift; sourceTree = "<group>"; };
		AE21B0D0222A00130049EE0D /* Base */ = {isa = PBXFileReference; lastKnownFileType = file.storyboard; name = Base; path = Base.lproj/Main.storyboard; sourceTree = "<group>"; };
		AE21B0D3222A00130049EE0D /* WhatTheHackApp.xcdatamodel */ = {isa = PBXFileReference; lastKnownFileType = wrapper.xcdatamodel; path = WhatTheHackApp.xcdatamodel; sourceTree = "<group>"; };
		AE21B0D5222A00150049EE0D /* Assets.xcassets */ = {isa = PBXFileReference; lastKnownFileType = folder.assetcatalog; path = Assets.xcassets; sourceTree = "<group>"; };
		AE21B0D8222A00150049EE0D /* Base */ = {isa = PBXFileReference; lastKnownFileType = file.storyboard; name = Base; path = Base.lproj/LaunchScreen.storyboard; sourceTree = "<group>"; };
		AE21B0DA222A00150049EE0D /* Info.plist */ = {isa = PBXFileReference; lastKnownFileType = text.plist.xml; path = Info.plist; sourceTree = "<group>"; };
		AE21B0E0222A111D0049EE0D /* CustomTableViewCell.swift */ = {isa = PBXFileReference; lastKnownFileType = sourcecode.swift; path = CustomTableViewCell.swift; sourceTree = "<group>"; };
		AE21B0E2222A1B560049EE0D /* TimerViewController.swift */ = {isa = PBXFileReference; lastKnownFileType = sourcecode.swift; path = TimerViewController.swift; sourceTree = "<group>"; };
		AE58E721222A88BD00549170 /* ChatViewController.swift */ = {isa = PBXFileReference; lastKnownFileType = sourcecode.swift; path = ChatViewController.swift; sourceTree = "<group>"; };
		AE58E723222A959F00549170 /* StartingViewController.swift */ = {isa = PBXFileReference; lastKnownFileType = sourcecode.swift; path = StartingViewController.swift; sourceTree = "<group>"; };
/* End PBXFileReference section */

/* Begin PBXFrameworksBuildPhase section */
		AE21B0C5222A00130049EE0D /* Frameworks */ = {
			isa = PBXFrameworksBuildPhase;
			buildActionMask = 2147483647;
			files = (
			);
			runOnlyForDeploymentPostprocessing = 0;
		};
/* End PBXFrameworksBuildPhase section */

/* Begin PBXGroup section */
		AE21B0BF222A00130049EE0D = {
			isa = PBXGroup;
			children = (
				AE21B0CA222A00130049EE0D /* WhatTheHackApp */,
				AE21B0C9222A00130049EE0D /* Products */,
			);
			sourceTree = "<group>";
		};
		AE21B0C9222A00130049EE0D /* Products */ = {
			isa = PBXGroup;
			children = (
				AE21B0C8222A00130049EE0D /* WhatTheHackApp.app */,
			);
			name = Products;
			sourceTree = "<group>";
		};
		AE21B0CA222A00130049EE0D /* WhatTheHackApp */ = {
			isa = PBXGroup;
			children = (
				AE21B0CB222A00130049EE0D /* AppDelegate.swift */,
				AE58E723222A959F00549170 /* StartingViewController.swift */,
				AE21B0CD222A00130049EE0D /* ViewController.swift */,
				AE58E721222A88BD00549170 /* ChatViewController.swift */,
				AE21B0E2222A1B560049EE0D /* TimerViewController.swift */,
				AE21B0E0222A111D0049EE0D /* CustomTableViewCell.swift */,
				AE21B0CF222A00130049EE0D /* Main.storyboard */,
				AE21B0D5222A00150049EE0D /* Assets.xcassets */,
				AE21B0D7222A00150049EE0D /* LaunchScreen.storyboard */,
				AE21B0DA222A00150049EE0D /* Info.plist */,
				AE21B0D2222A00130049EE0D /* WhatTheHackApp.xcdatamodeld */,
			);
			path = WhatTheHackApp;
			sourceTree = "<group>";
		};
/* End PBXGroup section */

/* Begin PBXNativeTarget section */
		AE21B0C7222A00130049EE0D /* WhatTheHackApp */ = {
			isa = PBXNativeTarget;
			buildConfigurationList = AE21B0DD222A00150049EE0D /* Build configuration list for PBXNativeTarget "WhatTheHackApp" */;
			buildPhases = (
				AE21B0C4222A00130049EE0D /* Sources */,
				AE21B0C5222A00130049EE0D /* Frameworks */,
				AE21B0C6222A00130049EE0D /* Resources */,
			);
			buildRules = (
			);
			dependencies = (
			);
			name = WhatTheHackApp;
			productName = WhatTheHackApp;
			productReference = AE21B0C8222A00130049EE0D /* WhatTheHackApp.app */;
			productType = "com.apple.product-type.application";
		};
/* End PBXNativeTarget section */

/* Begin PBXProject section */
		AE21B0C0222A00130049EE0D /* Project object */ = {
			isa = PBXProject;
			attributes = {
				LastSwiftUpdateCheck = 1010;
				LastUpgradeCheck = 1010;
				ORGANIZATIONNAME = "Marina Angelovska";
				TargetAttributes = {
					AE21B0C7222A00130049EE0D = {
						CreatedOnToolsVersion = 10.1;
					};
				};
			};
			buildConfigurationList = AE21B0C3222A00130049EE0D /* Build configuration list for PBXProject "WhatTheHackApp" */;
			compatibilityVersion = "Xcode 9.3";
			developmentRegion = en;
			hasScannedForEncodings = 0;
			knownRegions = (
				en,
				Base,
			);
			mainGroup = AE21B0BF222A00130049EE0D;
			productRefGroup = AE21B0C9222A00130049EE0D /* Products */;
			projectDirPath = "";
			projectRoot = "";
			targets = (
				AE21B0C7222A00130049EE0D /* WhatTheHackApp */,
			);
		};
/* End PBXProject section */

/* Begin PBXResourcesBuildPhase section */
		AE21B0C6222A00130049EE0D /* Resources */ = {
			isa = PBXResourcesBuildPhase;
			buildActionMask = 2147483647;
			files = (
				AE21B0D9222A00150049EE0D /* LaunchScreen.storyboard in Resources */,
				AE21B0D6222A00150049EE0D /* Assets.xcassets in Resources */,
				AE21B0D1222A00130049EE0D /* Main.storyboard in Resources */,
			);
			runOnlyForDeploymentPostprocessing = 0;
		};
/* End PBXResourcesBuildPhase section */

/* Begin PBXSourcesBuildPhase section */
		AE21B0C4222A00130049EE0D /* Sources */ = {
			isa = PBXSourcesBuildPhase;
			buildActionMask = 2147483647;
			files = (
				AE21B0E3222A1B560049EE0D /* TimerViewController.swift in Sources */,
				AE21B0D4222A00130049EE0D /* WhatTheHackApp.xcdatamodeld in Sources */,
				AE21B0CE222A00130049EE0D /* ViewController.swift in Sources */,
				AE21B0E1222A111D0049EE0D /* CustomTableViewCell.swift in Sources */,
				AE58E724222A959F00549170 /* StartingViewController.swift in Sources */,
				AE58E722222A88BD00549170 /* ChatViewController.swift in Sources */,
				AE21B0CC222A00130049EE0D /* AppDelegate.swift in Sources */,
			);
			runOnlyForDeploymentPostprocessing = 0;
		};
/* End PBXSourcesBuildPhase section */

/* Begin PBXVariantGroup section */
		AE21B0CF222A00130049EE0D /* Main.storyboard */ = {
			isa = PBXVariantGroup;
			children = (
				AE21B0D0222A00130049EE0D /* Base */,
			);
			name = Main.storyboard;
			sourceTree = "<group>";
		};
		AE21B0D7222A00150049EE0D /* LaunchScreen.storyboard */ = {
			isa = PBXVariantGroup;
			children = (
				AE21B0D8222A00150049EE0D /* Base */,
			);
			name = LaunchScreen.storyboard;
			sourceTree = "<group>";
		};
/* End PBXVariantGroup section */

/* Begin XCBuildConfiguration section */
		AE21B0DB222A00150049EE0D /* Debug */ = {
			isa = XCBuildConfiguration;
			buildSettings = {
				ALWAYS_SEARCH_USER_PATHS = NO;
				CLANG_ANALYZER_NONNULL = YES;
				CLANG_ANALYZER_NUMBER_OBJECT_CONVERSION = YES_AGGRESSIVE;
				CLANG_CXX_LANGUAGE_STANDARD = "gnu++14";
				CLANG_CXX_LIBRARY = "libc++";
				CLANG_ENABLE_MODULES = YES;
				CLANG_ENABLE_OBJC_ARC = YES;
				CLANG_ENABLE_OBJC_WEAK = YES;
				CLANG_WARN_BLOCK_CAPTURE_AUTORELEASING = YES;
				CLANG_WARN_BOOL_CONVERSION = YES;
				CLANG_WARN_COMMA = YES;
				CLANG_WARN_CONSTANT_CONVERSION = YES;
				CLANG_WARN_DEPRECATED_OBJC_IMPLEMENTATIONS = YES;
				CLANG_WARN_DIRECT_OBJC_ISA_USAGE = YES_ERROR;
				CLANG_WARN_DOCUMENTATION_COMMENTS = YES;
				CLANG_WARN_EMPTY_BODY = YES;
				CLANG_WARN_ENUM_CONVERSION = YES;
				CLANG_WARN_INFINITE_RECURSION = YES;
				CLANG_WARN_INT_CONVERSION = YES;
				CLANG_WARN_NON_LITERAL_NULL_CONVERSION = YES;
				CLANG_WARN_OBJC_IMPLICIT_RETAIN_SELF = YES;
				CLANG_WARN_OBJC_LITERAL_CONVERSION = YES;
				CLANG_WARN_OBJC_ROOT_CLASS = YES_ERROR;
				CLANG_WARN_RANGE_LOOP_ANALYSIS = YES;
				CLANG_WARN_STRICT_PROTOTYPES = YES;
				CLANG_WARN_SUSPICIOUS_MOVE = YES;
				CLANG_WARN_UNGUARDED_AVAILABILITY = YES_AGGRESSIVE;
				CLANG_WARN_UNREACHABLE_CODE = YES;
				CLANG_WARN__DUPLICATE_METHOD_MATCH = YES;
				CODE_SIGN_IDENTITY = "iPhone Developer";
				COPY_PHASE_STRIP = NO;
				DEBUG_INFORMATION_FORMAT = dwarf;
				ENABLE_STRICT_OBJC_MSGSEND = YES;
				ENABLE_TESTABILITY = YES;
				GCC_C_LANGUAGE_STANDARD = gnu11;
				GCC_DYNAMIC_NO_PIC = NO;
				GCC_NO_COMMON_BLOCKS = YES;
				GCC_OPTIMIZATION_LEVEL = 0;
				GCC_PREPROCESSOR_DEFINITIONS = (
					"DEBUG=1",
					"$(inherited)",
				);
				GCC_WARN_64_TO_32_BIT_CONVERSION = YES;
				GCC_WARN_ABOUT_RETURN_TYPE = YES_ERROR;
				GCC_WARN_UNDECLARED_SELECTOR = YES;
				GCC_WARN_UNINITIALIZED_AUTOS = YES_AGGRESSIVE;
				GCC_WARN_UNUSED_FUNCTION = YES;
				GCC_WARN_UNUSED_VARIABLE = YES;
				IPHONEOS_DEPLOYMENT_TARGET = 12.1;
				MTL_ENABLE_DEBUG_INFO = INCLUDE_SOURCE;
				MTL_FAST_MATH = YES;
				ONLY_ACTIVE_ARCH = YES;
				SDKROOT = iphoneos;
				SWIFT_ACTIVE_COMPILATION_CONDITIONS = DEBUG;
				SWIFT_OPTIMIZATION_LEVEL = "-Onone";
			};
			name = Debug;
		};
		AE21B0DC222A00150049EE0D /* Release */ = {
			isa = XCBuildConfiguration;
			buildSettings = {
				ALWAYS_SEARCH_USER_PATHS = NO;
				CLANG_ANALYZER_NONNULL = YES;
				CLANG_ANALYZER_NUMBER_OBJECT_CONVERSION = YES_AGGRESSIVE;
				CLANG_CXX_LANGUAGE_STANDARD = "gnu++14";
				CLANG_CXX_LIBRARY = "libc++";
				CLANG_ENABLE_MODULES = YES;
				CLANG_ENABLE_OBJC_ARC = YES;
				CLANG_ENABLE_OBJC_WEAK = YES;
				CLANG_WARN_BLOCK_CAPTURE_AUTORELEASING = YES;
				CLANG_WARN_BOOL_CONVERSION = YES;
				CLANG_WARN_COMMA = YES;
				CLANG_WARN_CONSTANT_CONVERSION = YES;
				CLANG_WARN_DEPRECATED_OBJC_IMPLEMENTATIONS = YES;
				CLANG_WARN_DIRECT_OBJC_ISA_USAGE = YES_ERROR;
				CLANG_WARN_DOCUMENTATION_COMMENTS = YES;
				CLANG_WARN_EMPTY_BODY = YES;
				CLANG_WARN_ENUM_CONVERSION = YES;
				CLANG_WARN_INFINITE_RECURSION = YES;
				CLANG_WARN_INT_CONVERSION = YES;
				CLANG_WARN_NON_LITERAL_NULL_CONVERSION = YES;
				CLANG_WARN_OBJC_IMPLICIT_RETAIN_SELF = YES;
				CLANG_WARN_OBJC_LITERAL_CONVERSION = YES;
				CLANG_WARN_OBJC_ROOT_CLASS = YES_ERROR;
				CLANG_WARN_RANGE_LOOP_ANALYSIS = YES;
				CLANG_WARN_STRICT_PROTOTYPES = YES;
				CLANG_WARN_SUSPICIOUS_MOVE = YES;
				CLANG_WARN_UNGUARDED_AVAILABILITY = YES_AGGRESSIVE;
				CLANG_WARN_UNREACHABLE_CODE = YES;
				CLANG_WARN__DUPLICATE_METHOD_MATCH = YES;
				CODE_SIGN_IDENTITY = "iPhone Developer";
				COPY_PHASE_STRIP = NO;
				DEBUG_INFORMATION_FORMAT = "dwarf-with-dsym";
				ENABLE_NS_ASSERTIONS = NO;
				ENABLE_STRICT_OBJC_MSGSEND = YES;
				GCC_C_LANGUAGE_STANDARD = gnu11;
				GCC_NO_COMMON_BLOCKS = YES;
				GCC_WARN_64_TO_32_BIT_CONVERSION = YES;
				GCC_WARN_ABOUT_RETURN_TYPE = YES_ERROR;
				GCC_WARN_UNDECLARED_SELECTOR = YES;
				GCC_WARN_UNINITIALIZED_AUTOS = YES_AGGRESSIVE;
				GCC_WARN_UNUSED_FUNCTION = YES;
				GCC_WARN_UNUSED_VARIABLE = YES;
				IPHONEOS_DEPLOYMENT_TARGET = 12.1;
				MTL_ENABLE_DEBUG_INFO = NO;
				MTL_FAST_MATH = YES;
				SDKROOT = iphoneos;
				SWIFT_COMPILATION_MODE = wholemodule;
				SWIFT_OPTIMIZATION_LEVEL = "-O";
				VALIDATE_PRODUCT = YES;
			};
			name = Release;
		};
		AE21B0DE222A00150049EE0D /* Debug */ = {
			isa = XCBuildConfiguration;
			buildSettings = {
				ASSETCATALOG_COMPILER_APPICON_NAME = AppIcon;
				CODE_SIGN_STYLE = Automatic;
				DEVELOPMENT_TEAM = DAXHFS9373;
				INFOPLIST_FILE = WhatTheHackApp/Info.plist;
				LD_RUNPATH_SEARCH_PATHS = (
					"$(inherited)",
					"@executable_path/Frameworks",
				);
				PRODUCT_BUNDLE_IDENTIFIER = Marina.WhatTheHackApp;
				PRODUCT_NAME = "$(TARGET_NAME)";
				SWIFT_VERSION = 4.2;
				TARGETED_DEVICE_FAMILY = "1,2";
			};
			name = Debug;
		};
		AE21B0DF222A00150049EE0D /* Release */ = {
			isa = XCBuildConfiguration;
			buildSettings = {
				ASSETCATALOG_COMPILER_APPICON_NAME = AppIcon;
				CODE_SIGN_STYLE = Automatic;
				DEVELOPMENT_TEAM = DAXHFS9373;
				INFOPLIST_FILE = WhatTheHackApp/Info.plist;
				LD_RUNPATH_SEARCH_PATHS = (
					"$(inherited)",
					"@executable_path/Frameworks",
				);
				PRODUCT_BUNDLE_IDENTIFIER = Marina.WhatTheHackApp;
				PRODUCT_NAME = "$(TARGET_NAME)";
				SWIFT_VERSION = 4.2;
				TARGETED_DEVICE_FAMILY = "1,2";
			};
			name = Release;
		};
/* End XCBuildConfiguration section */

/* Begin XCConfigurationList section */
		AE21B0C3222A00130049EE0D /* Build configuration list for PBXProject "WhatTheHackApp" */ = {
			isa = XCConfigurationList;
			buildConfigurations = (
				AE21B0DB222A00150049EE0D /* Debug */,
				AE21B0DC222A00150049EE0D /* Release */,
			);
			defaultConfigurationIsVisible = 0;
			defaultConfigurationName = Release;
		};
		AE21B0DD222A00150049EE0D /* Build configuration list for PBXNativeTarget "WhatTheHackApp" */ = {
			isa = XCConfigurationList;
			buildConfigurations = (
				AE21B0DE222A00150049EE0D /* Debug */,
				AE21B0DF222A00150049EE0D /* Release */,
			);
			defaultConfigurationIsVisible = 0;
			defaultConfigurationName = Release;
		};
/* End XCConfigurationList section */

/* Begin XCVersionGroup section */
		AE21B0D2222A00130049EE0D /* WhatTheHackApp.xcdatamodeld */ = {
			isa = XCVersionGroup;
			children = (
				AE21B0D3222A00130049EE0D /* WhatTheHackApp.xcdatamodel */,
			);
			currentVersion = AE21B0D3222A00130049EE0D /* WhatTheHackApp.xcdatamodel */;
			path = WhatTheHackApp.xcdatamodeld;
			sourceTree = "<group>";
			versionGroupType = wrapper.xcdatamodel;
		};
/* End XCVersionGroup section */
	};
	rootObject = AE21B0C0222A00130049EE0D /* Project object */;
}
